// !$*UTF8*$!
{
	archiveVersion = 1;
	classes = {
	};
	objectVersion = 56;
	objects = {

/* Begin PBXBuildFile section */
		930906C22A9EA2BF0091E642 /* SelectRoomTypeTableViewController.swift in Sources */ = {isa = PBXBuildFile; fileRef = 930906C12A9EA2BF0091E642 /* SelectRoomTypeTableViewController.swift */; };
		9386639E2A9F211200843EE2 /* RegistrationsTableViewController.swift in Sources */ = {isa = PBXBuildFile; fileRef = 9386639D2A9F211200843EE2 /* RegistrationsTableViewController.swift */; };
		93C957C92A982051000E49CB /* AppDelegate.swift in Sources */ = {isa = PBXBuildFile; fileRef = 93C957C82A982051000E49CB /* AppDelegate.swift */; };
		93C957CB2A982051000E49CB /* SceneDelegate.swift in Sources */ = {isa = PBXBuildFile; fileRef = 93C957CA2A982051000E49CB /* SceneDelegate.swift */; };
		93C957D02A982051000E49CB /* Main.storyboard in Resources */ = {isa = PBXBuildFile; fileRef = 93C957CE2A982051000E49CB /* Main.storyboard */; };
		93C957D22A982052000E49CB /* Assets.xcassets in Resources */ = {isa = PBXBuildFile; fileRef = 93C957D12A982052000E49CB /* Assets.xcassets */; };
		93C957D52A982052000E49CB /* LaunchScreen.storyboard in Resources */ = {isa = PBXBuildFile; fileRef = 93C957D32A982052000E49CB /* LaunchScreen.storyboard */; };
		93C957DE2A9831FF000E49CB /* Registration.swift in Sources */ = {isa = PBXBuildFile; fileRef = 93C957DD2A9831FF000E49CB /* Registration.swift */; };
		93C957E02A98320C000E49CB /* RoomType.swift in Sources */ = {isa = PBXBuildFile; fileRef = 93C957DF2A98320C000E49CB /* RoomType.swift */; };
		93C957E32A98359C000E49CB /* AddRegistrationTableViewController.swift in Sources */ = {isa = PBXBuildFile; fileRef = 93C957E22A98359C000E49CB /* AddRegistrationTableViewController.swift */; };
/* End PBXBuildFile section */

/* Begin PBXFileReference section */
		930906C12A9EA2BF0091E642 /* SelectRoomTypeTableViewController.swift */ = {isa = PBXFileReference; lastKnownFileType = sourcecode.swift; path = SelectRoomTypeTableViewController.swift; sourceTree = "<group>"; };
		9386639D2A9F211200843EE2 /* RegistrationsTableViewController.swift */ = {isa = PBXFileReference; lastKnownFileType = sourcecode.swift; path = RegistrationsTableViewController.swift; sourceTree = "<group>"; };
		93C957C52A982051000E49CB /* Hotel Koliform.app */ = {isa = PBXFileReference; explicitFileType = wrapper.application; includeInIndex = 0; path = "Hotel Koliform.app"; sourceTree = BUILT_PRODUCTS_DIR; };
		93C957C82A982051000E49CB /* AppDelegate.swift */ = {isa = PBXFileReference; lastKnownFileType = sourcecode.swift; path = AppDelegate.swift; sourceTree = "<group>"; };
		93C957CA2A982051000E49CB /* SceneDelegate.swift */ = {isa = PBXFileReference; lastKnownFileType = sourcecode.swift; path = SceneDelegate.swift; sourceTree = "<group>"; };
		93C957CF2A982051000E49CB /* Base */ = {isa = PBXFileReference; lastKnownFileType = file.storyboard; name = Base; path = Base.lproj/Main.storyboard; sourceTree = "<group>"; };
		93C957D12A982052000E49CB /* Assets.xcassets */ = {isa = PBXFileReference; lastKnownFileType = folder.assetcatalog; path = Assets.xcassets; sourceTree = "<group>"; };
		93C957D42A982052000E49CB /* Base */ = {isa = PBXFileReference; lastKnownFileType = file.storyboard; name = Base; path = Base.lproj/LaunchScreen.storyboard; sourceTree = "<group>"; };
		93C957D62A982052000E49CB /* Info.plist */ = {isa = PBXFileReference; lastKnownFileType = text.plist.xml; path = Info.plist; sourceTree = "<group>"; };
		93C957DD2A9831FF000E49CB /* Registration.swift */ = {isa = PBXFileReference; lastKnownFileType = sourcecode.swift; path = Registration.swift; sourceTree = "<group>"; };
		93C957DF2A98320C000E49CB /* RoomType.swift */ = {isa = PBXFileReference; lastKnownFileType = sourcecode.swift; path = RoomType.swift; sourceTree = "<group>"; };
		93C957E22A98359C000E49CB /* AddRegistrationTableViewController.swift */ = {isa = PBXFileReference; lastKnownFileType = sourcecode.swift; path = AddRegistrationTableViewController.swift; sourceTree = "<group>"; };
/* End PBXFileReference section */

/* Begin PBXFrameworksBuildPhase section */
		93C957C22A982051000E49CB /* Frameworks */ = {
			isa = PBXFrameworksBuildPhase;
			buildActionMask = 2147483647;
			files = (
			);
			runOnlyForDeploymentPostprocessing = 0;
		};
/* End PBXFrameworksBuildPhase section */

/* Begin PBXGroup section */
		9386639A2A9F204600843EE2 /* Resources */ = {
			isa = PBXGroup;
			children = (
				93C957D62A982052000E49CB /* Info.plist */,
				93C957D12A982052000E49CB /* Assets.xcassets */,
			);
			path = Resources;
			sourceTree = "<group>";
		};
		9386639B2A9F206000843EE2 /* Utilities */ = {
			isa = PBXGroup;
			children = (
				93C957CA2A982051000E49CB /* SceneDelegate.swift */,
				93C957C82A982051000E49CB /* AppDelegate.swift */,
			);
			path = Utilities;
			sourceTree = "<group>";
		};
		9386639C2A9F207600843EE2 /* Storyboards */ = {
			isa = PBXGroup;
			children = (
				93C957D32A982052000E49CB /* LaunchScreen.storyboard */,
				93C957CE2A982051000E49CB /* Main.storyboard */,
			);
			path = Storyboards;
			sourceTree = "<group>";
		};
		93C957BC2A982050000E49CB = {
			isa = PBXGroup;
			children = (
				93C957C72A982051000E49CB /* Hotel Koliform */,
				93C957C62A982051000E49CB /* Products */,
			);
			sourceTree = "<group>";
		};
		93C957C62A982051000E49CB /* Products */ = {
			isa = PBXGroup;
			children = (
				93C957C52A982051000E49CB /* Hotel Koliform.app */,
			);
			name = Products;
			sourceTree = "<group>";
		};
		93C957C72A982051000E49CB /* Hotel Koliform */ = {
			isa = PBXGroup;
			children = (
				9386639C2A9F207600843EE2 /* Storyboards */,
				9386639B2A9F206000843EE2 /* Utilities */,
				9386639A2A9F204600843EE2 /* Resources */,
				93C957E12A98356E000E49CB /* Controllers */,
				93C957DC2A9831DE000E49CB /* Models */,
			);
			path = "Hotel Koliform";
			sourceTree = "<group>";
		};
		93C957DC2A9831DE000E49CB /* Models */ = {
			isa = PBXGroup;
			children = (
				93C957DD2A9831FF000E49CB /* Registration.swift */,
				93C957DF2A98320C000E49CB /* RoomType.swift */,
			);
			path = Models;
			sourceTree = "<group>";
		};
		93C957E12A98356E000E49CB /* Controllers */ = {
			isa = PBXGroup;
			children = (
				93C957E22A98359C000E49CB /* AddRegistrationTableViewController.swift */,
				930906C12A9EA2BF0091E642 /* SelectRoomTypeTableViewController.swift */,
				9386639D2A9F211200843EE2 /* RegistrationsTableViewController.swift */,
			);
			path = Controllers;
			sourceTree = "<group>";
		};
/* End PBXGroup section */

/* Begin PBXNativeTarget section */
		93C957C42A982051000E49CB /* Hotel Koliform */ = {
			isa = PBXNativeTarget;
			buildConfigurationList = 93C957D92A982052000E49CB /* Build configuration list for PBXNativeTarget "Hotel Koliform" */;
			buildPhases = (
				93C957C12A982051000E49CB /* Sources */,
				93C957C22A982051000E49CB /* Frameworks */,
				93C957C32A982051000E49CB /* Resources */,
			);
			buildRules = (
			);
			dependencies = (
			);
			name = "Hotel Koliform";
			productName = "Hotel Koliform";
			productReference = 93C957C52A982051000E49CB /* Hotel Koliform.app */;
			productType = "com.apple.product-type.application";
		};
/* End PBXNativeTarget section */

/* Begin PBXProject section */
		93C957BD2A982051000E49CB /* Project object */ = {
			isa = PBXProject;
			attributes = {
				BuildIndependentTargetsInParallel = 1;
				LastSwiftUpdateCheck = 1430;
				LastUpgradeCheck = 1430;
				TargetAttributes = {
					93C957C42A982051000E49CB = {
						CreatedOnToolsVersion = 14.3.1;
					};
				};
			};
			buildConfigurationList = 93C957C02A982051000E49CB /* Build configuration list for PBXProject "Hotel Koliform" */;
			compatibilityVersion = "Xcode 14.0";
			developmentRegion = en;
			hasScannedForEncodings = 0;
			knownRegions = (
				en,
				Base,
			);
			mainGroup = 93C957BC2A982050000E49CB;
			productRefGroup = 93C957C62A982051000E49CB /* Products */;
			projectDirPath = "";
			projectRoot = "";
			targets = (
				93C957C42A982051000E49CB /* Hotel Koliform */,
			);
		};
/* End PBXProject section */

/* Begin PBXResourcesBuildPhase section */
		93C957C32A982051000E49CB /* Resources */ = {
			isa = PBXResourcesBuildPhase;
			buildActionMask = 2147483647;
			files = (
				93C957D52A982052000E49CB /* LaunchScreen.storyboard in Resources */,
				93C957D22A982052000E49CB /* Assets.xcassets in Resources */,
				93C957D02A982051000E49CB /* Main.storyboard in Resources */,
			);
			runOnlyForDeploymentPostprocessing = 0;
		};
/* End PBXResourcesBuildPhase section */

/* Begin PBXSourcesBuildPhase section */
		93C957C12A982051000E49CB /* Sources */ = {
			isa = PBXSourcesBuildPhase;
			buildActionMask = 2147483647;
			files = (
				930906C22A9EA2BF0091E642 /* SelectRoomTypeTableViewController.swift in Sources */,
				93C957E32A98359C000E49CB /* AddRegistrationTableViewController.swift in Sources */,
				93C957DE2A9831FF000E49CB /* Registration.swift in Sources */,
				9386639E2A9F211200843EE2 /* RegistrationsTableViewController.swift in Sources */,
				93C957E02A98320C000E49CB /* RoomType.swift in Sources */,
				93C957C92A982051000E49CB /* AppDelegate.swift in Sources */,
				93C957CB2A982051000E49CB /* SceneDelegate.swift in Sources */,
			);
			runOnlyForDeploymentPostprocessing = 0;
		};
/* End PBXSourcesBuildPhase section */

/* Begin PBXVariantGroup section */
		93C957CE2A982051000E49CB /* Main.storyboard */ = {
			isa = PBXVariantGroup;
			children = (
				93C957CF2A982051000E49CB /* Base */,
			);
			name = Main.storyboard;
			sourceTree = "<group>";
		};
		93C957D32A982052000E49CB /* LaunchScreen.storyboard */ = {
			isa = PBXVariantGroup;
			children = (
				93C957D42A982052000E49CB /* Base */,
			);
			name = LaunchScreen.storyboard;
			sourceTree = "<group>";
		};
/* End PBXVariantGroup section */

/* Begin XCBuildConfiguration section */
		93C957D72A982052000E49CB /* Debug */ = {
			isa = XCBuildConfiguration;
			buildSettings = {
				ALWAYS_SEARCH_USER_PATHS = NO;
				CLANG_ANALYZER_NONNULL = YES;
				CLANG_ANALYZER_NUMBER_OBJECT_CONVERSION = YES_AGGRESSIVE;
				CLANG_CXX_LANGUAGE_STANDARD = "gnu++20";
				CLANG_ENABLE_MODULES = YES;
				CLANG_ENABLE_OBJC_ARC = YES;
				CLANG_ENABLE_OBJC_WEAK = YES;
				CLANG_WARN_BLOCK_CAPTURE_AUTORELEASING = YES;
				CLANG_WARN_BOOL_CONVERSION = YES;
				CLANG_WARN_COMMA = YES;
				CLANG_WARN_CONSTANT_CONVERSION = YES;
				CLANG_WARN_DEPRECATED_OBJC_IMPLEMENTATIONS = YES;
				CLANG_WARN_DIRECT_OBJC_ISA_USAGE = YES_ERROR;
				CLANG_WARN_DOCUMENTATION_COMMENTS = YES;
				CLANG_WARN_EMPTY_BODY = YES;
				CLANG_WARN_ENUM_CONVERSION = YES;
				CLANG_WARN_INFINITE_RECURSION = YES;
				CLANG_WARN_INT_CONVERSION = YES;
				CLANG_WARN_NON_LITERAL_NULL_CONVERSION = YES;
				CLANG_WARN_OBJC_IMPLICIT_RETAIN_SELF = YES;
				CLANG_WARN_OBJC_LITERAL_CONVERSION = YES;
				CLANG_WARN_OBJC_ROOT_CLASS = YES_ERROR;
				CLANG_WARN_QUOTED_INCLUDE_IN_FRAMEWORK_HEADER = YES;
				CLANG_WARN_RANGE_LOOP_ANALYSIS = YES;
				CLANG_WARN_STRICT_PROTOTYPES = YES;
				CLANG_WARN_SUSPICIOUS_MOVE = YES;
				CLANG_WARN_UNGUARDED_AVAILABILITY = YES_AGGRESSIVE;
				CLANG_WARN_UNREACHABLE_CODE = YES;
				CLANG_WARN__DUPLICATE_METHOD_MATCH = YES;
				COPY_PHASE_STRIP = NO;
				DEBUG_INFORMATION_FORMAT = dwarf;
				ENABLE_STRICT_OBJC_MSGSEND = YES;
				ENABLE_TESTABILITY = YES;
				GCC_C_LANGUAGE_STANDARD = gnu11;
				GCC_DYNAMIC_NO_PIC = NO;
				GCC_NO_COMMON_BLOCKS = YES;
				GCC_OPTIMIZATION_LEVEL = 0;
				GCC_PREPROCESSOR_DEFINITIONS = (
					"DEBUG=1",
					"$(inherited)",
				);
				GCC_WARN_64_TO_32_BIT_CONVERSION = YES;
				GCC_WARN_ABOUT_RETURN_TYPE = YES_ERROR;
				GCC_WARN_UNDECLARED_SELECTOR = YES;
				GCC_WARN_UNINITIALIZED_AUTOS = YES_AGGRESSIVE;
				GCC_WARN_UNUSED_FUNCTION = YES;
				GCC_WARN_UNUSED_VARIABLE = YES;
				IPHONEOS_DEPLOYMENT_TARGET = 16.4;
				MTL_ENABLE_DEBUG_INFO = INCLUDE_SOURCE;
				MTL_FAST_MATH = YES;
				ONLY_ACTIVE_ARCH = YES;
				SDKROOT = iphoneos;
				SWIFT_ACTIVE_COMPILATION_CONDITIONS = DEBUG;
				SWIFT_OPTIMIZATION_LEVEL = "-Onone";
			};
			name = Debug;
		};
		93C957D82A982052000E49CB /* Release */ = {
			isa = XCBuildConfiguration;
			buildSettings = {
				ALWAYS_SEARCH_USER_PATHS = NO;
				CLANG_ANALYZER_NONNULL = YES;
				CLANG_ANALYZER_NUMBER_OBJECT_CONVERSION = YES_AGGRESSIVE;
				CLANG_CXX_LANGUAGE_STANDARD = "gnu++20";
				CLANG_ENABLE_MODULES = YES;
				CLANG_ENABLE_OBJC_ARC = YES;
				CLANG_ENABLE_OBJC_WEAK = YES;
				CLANG_WARN_BLOCK_CAPTURE_AUTORELEASING = YES;
				CLANG_WARN_BOOL_CONVERSION = YES;
				CLANG_WARN_COMMA = YES;
				CLANG_WARN_CONSTANT_CONVERSION = YES;
				CLANG_WARN_DEPRECATED_OBJC_IMPLEMENTATIONS = YES;
				CLANG_WARN_DIRECT_OBJC_ISA_USAGE = YES_ERROR;
				CLANG_WARN_DOCUMENTATION_COMMENTS = YES;
				CLANG_WARN_EMPTY_BODY = YES;
				CLANG_WARN_ENUM_CONVERSION = YES;
				CLANG_WARN_INFINITE_RECURSION = YES;
				CLANG_WARN_INT_CONVERSION = YES;
				CLANG_WARN_NON_LITERAL_NULL_CONVERSION = YES;
				CLANG_WARN_OBJC_IMPLICIT_RETAIN_SELF = YES;
				CLANG_WARN_OBJC_LITERAL_CONVERSION = YES;
				CLANG_WARN_OBJC_ROOT_CLASS = YES_ERROR;
				CLANG_WARN_QUOTED_INCLUDE_IN_FRAMEWORK_HEADER = YES;
				CLANG_WARN_RANGE_LOOP_ANALYSIS = YES;
				CLANG_WARN_STRICT_PROTOTYPES = YES;
				CLANG_WARN_SUSPICIOUS_MOVE = YES;
				CLANG_WARN_UNGUARDED_AVAILABILITY = YES_AGGRESSIVE;
				CLANG_WARN_UNREACHABLE_CODE = YES;
				CLANG_WARN__DUPLICATE_METHOD_MATCH = YES;
				COPY_PHASE_STRIP = NO;
				DEBUG_INFORMATION_FORMAT = "dwarf-with-dsym";
				ENABLE_NS_ASSERTIONS = NO;
				ENABLE_STRICT_OBJC_MSGSEND = YES;
				GCC_C_LANGUAGE_STANDARD = gnu11;
				GCC_NO_COMMON_BLOCKS = YES;
				GCC_WARN_64_TO_32_BIT_CONVERSION = YES;
				GCC_WARN_ABOUT_RETURN_TYPE = YES_ERROR;
				GCC_WARN_UNDECLARED_SELECTOR = YES;
				GCC_WARN_UNINITIALIZED_AUTOS = YES_AGGRESSIVE;
				GCC_WARN_UNUSED_FUNCTION = YES;
				GCC_WARN_UNUSED_VARIABLE = YES;
				IPHONEOS_DEPLOYMENT_TARGET = 16.4;
				MTL_ENABLE_DEBUG_INFO = NO;
				MTL_FAST_MATH = YES;
				SDKROOT = iphoneos;
				SWIFT_COMPILATION_MODE = wholemodule;
				SWIFT_OPTIMIZATION_LEVEL = "-O";
				VALIDATE_PRODUCT = YES;
			};
			name = Release;
		};
		93C957DA2A982052000E49CB /* Debug */ = {
			isa = XCBuildConfiguration;
			buildSettings = {
				ASSETCATALOG_COMPILER_APPICON_NAME = AppIcon;
				ASSETCATALOG_COMPILER_GLOBAL_ACCENT_COLOR_NAME = AccentColor;
				CODE_SIGN_STYLE = Automatic;
				CURRENT_PROJECT_VERSION = 1;
				DEVELOPMENT_TEAM = SDRFCCMG85;
				GENERATE_INFOPLIST_FILE = YES;
				INFOPLIST_FILE = "Hotel Koliform/Resources/Info.plist";
				INFOPLIST_KEY_UIApplicationSupportsIndirectInputEvents = YES;
				INFOPLIST_KEY_UILaunchStoryboardName = LaunchScreen;
				INFOPLIST_KEY_UIMainStoryboardFile = Main;
				INFOPLIST_KEY_UISupportedInterfaceOrientations_iPad = "UIInterfaceOrientationPortrait UIInterfaceOrientationPortraitUpsideDown UIInterfaceOrientationLandscapeLeft UIInterfaceOrientationLandscapeRight";
				INFOPLIST_KEY_UISupportedInterfaceOrientations_iPhone = "UIInterfaceOrientationPortrait UIInterfaceOrientationLandscapeLeft UIInterfaceOrientationLandscapeRight";
				LD_RUNPATH_SEARCH_PATHS = (
					"$(inherited)",
					"@executable_path/Frameworks",
				);
				MARKETING_VERSION = 1.0;
				PRODUCT_BUNDLE_IDENTIFIER = "com.kadiirhocaoglu.Hotel-Koliform";
				PRODUCT_NAME = "$(TARGET_NAME)";
				SUPPORTED_PLATFORMS = "iphoneos iphonesimulator";
				SUPPORTS_MACCATALYST = NO;
				SUPPORTS_MAC_DESIGNED_FOR_IPHONE_IPAD = NO;
				SWIFT_EMIT_LOC_STRINGS = YES;
				SWIFT_VERSION = 5.0;
				TARGETED_DEVICE_FAMILY = 1;
			};
			name = Debug;
		};
		93C957DB2A982052000E49CB /* Release */ = {
			isa = XCBuildConfiguration;
			buildSettings = {
				ASSETCATALOG_COMPILER_APPICON_NAME = AppIcon;
				ASSETCATALOG_COMPILER_GLOBAL_ACCENT_COLOR_NAME = AccentColor;
				CODE_SIGN_STYLE = Automatic;
				CURRENT_PROJECT_VERSION = 1;
				DEVELOPMENT_TEAM = SDRFCCMG85;
				GENERATE_INFOPLIST_FILE = YES;
				INFOPLIST_FILE = "Hotel Koliform/Resources/Info.plist";
				INFOPLIST_KEY_UIApplicationSupportsIndirectInputEvents = YES;
				INFOPLIST_KEY_UILaunchStoryboardName = LaunchScreen;
				INFOPLIST_KEY_UIMainStoryboardFile = Main;
				INFOPLIST_KEY_UISupportedInterfaceOrientations_iPad = "UIInterfaceOrientationPortrait UIInterfaceOrientationPortraitUpsideDown UIInterfaceOrientationLandscapeLeft UIInterfaceOrientationLandscapeRight";
				INFOPLIST_KEY_UISupportedInterfaceOrientations_iPhone = "UIInterfaceOrientationPortrait UIInterfaceOrientationLandscapeLeft UIInterfaceOrientationLandscapeRight";
				LD_RUNPATH_SEARCH_PATHS = (
					"$(inherited)",
					"@executable_path/Frameworks",
				);
				MARKETING_VERSION = 1.0;
				PRODUCT_BUNDLE_IDENTIFIER = "com.kadiirhocaoglu.Hotel-Koliform";
				PRODUCT_NAME = "$(TARGET_NAME)";
				SUPPORTED_PLATFORMS = "iphoneos iphonesimulator";
				SUPPORTS_MACCATALYST = NO;
				SUPPORTS_MAC_DESIGNED_FOR_IPHONE_IPAD = NO;
				SWIFT_EMIT_LOC_STRINGS = YES;
				SWIFT_VERSION = 5.0;
				TARGETED_DEVICE_FAMILY = 1;
			};
			name = Release;
		};
/* End XCBuildConfiguration section */

/* Begin XCConfigurationList section */
		93C957C02A982051000E49CB /* Build configuration list for PBXProject "Hotel Koliform" */ = {
			isa = XCConfigurationList;
			buildConfigurations = (
				93C957D72A982052000E49CB /* Debug */,
				93C957D82A982052000E49CB /* Release */,
			);
			defaultConfigurationIsVisible = 0;
			defaultConfigurationName = Release;
		};
		93C957D92A982052000E49CB /* Build configuration list for PBXNativeTarget "Hotel Koliform" */ = {
			isa = XCConfigurationList;
			buildConfigurations = (
				93C957DA2A982052000E49CB /* Debug */,
				93C957DB2A982052000E49CB /* Release */,
			);
			defaultConfigurationIsVisible = 0;
			defaultConfigurationName = Release;
		};
/* End XCConfigurationList section */
	};
	rootObject = 93C957BD2A982051000E49CB /* Project object */;
}
